
Microsoft Visual Studio Solution File, Format Version 12.00
# Visual Studio Version 17
VisualStudioVersion = 17.1.32319.34
MinimumVisualStudioVersion = 10.0.40219.1
Project("{2150E333-8FDC-42A3-9474-1A3956D46DE8}") = "Mooc", "Mooc", "{576BAB82-9F41-44E7-B4C7-288BF166322B}"
EndProject
Project("{2150E333-8FDC-42A3-9474-1A3956D46DE8}") = "Unit 1", "Unit 1", "{ACC11C2B-1231-4748-AC25-C9D3B5241C74}"
EndProject
Project("{2150E333-8FDC-42A3-9474-1A3956D46DE8}") = "Unit 3", "Unit 3", "{2C64712E-ADF8-4C1D-A76A-3589C372FE0D}"
EndProject
Project("{8BC9CEB8-8B4A-11D0-8D11-00A0C91BC942}") = "NameSpace", "..\..\Mooc\Unit 1\NameSpace\NameSpace.vcxproj", "{1B4C864D-5C03-4742-9B6E-AD2AB6334BE3}"
EndProject
Project("{2150E333-8FDC-42A3-9474-1A3956D46DE8}") = "Unit 4", "Unit 4", "{3CF85AE9-5681-438B-B8D7-F5E8F9B88E7B}"
EndProject
Project("{2150E333-8FDC-42A3-9474-1A3956D46DE8}") = "Unit 5", "Unit 5", "{4148D5E3-6F64-4855-B6F5-E8EB59035BFC}"
EndProject
Project("{2150E333-8FDC-42A3-9474-1A3956D46DE8}") = "PDF", "PDF", "{9BC7D9E6-AD77-4FDD-A0F3-995171E37858}"
EndProject
Project("{2150E333-8FDC-42A3-9474-1A3956D46DE8}") = "Unit 3", "Unit 3", "{6A52CF92-435C-42C4-8ACA-13DBD51B52F4}"
EndProject
Project("{2150E333-8FDC-42A3-9474-1A3956D46DE8}") = "Unit 4", "Unit 4", "{F7C757A4-21C0-4593-8C94-652932325FFB}"
EndProject
Project("{2150E333-8FDC-42A3-9474-1A3956D46DE8}") = "Unit 5", "Unit 5", "{61A02BDD-FD7C-4043-9E0B-8BBFA51DF59F}"
EndProject
Project("{8BC9CEB8-8B4A-11D0-8D11-00A0C91BC942}") = "PassByPointer", "..\..\Mooc\Unit 3\PassByPointer\PassByPointer.vcxproj", "{62800CE6-9A26-4B0D-8AE5-7268FEB8D1D1}"
EndProject
Project("{8BC9CEB8-8B4A-11D0-8D11-00A0C91BC942}") = "PassByReference", "..\..\Mooc\Unit 3\PassByReference\PassByReference.vcxproj", "{314343B7-A0F3-42F0-AE4F-4E08B0D9D984}"
EndProject
Project("{8BC9CEB8-8B4A-11D0-8D11-00A0C91BC942}") = "PassByValue", "..\..\Mooc\Unit 3\PassByValue\PassByValue.vcxproj", "{B8920501-4878-4E34-AA58-0E5DA7FE49D5}"
EndProject
Project("{8BC9CEB8-8B4A-11D0-8D11-00A0C91BC942}") = "TestAuto", "..\..\Mooc\Unit 3\TestAuto\TestAuto.vcxproj", "{4AC1C4F3-6041-4C6C-ABE3-54B46FDF3CEC}"
EndProject
Project("{8BC9CEB8-8B4A-11D0-8D11-00A0C91BC942}") = "TestNewDelete", "..\..\Mooc\Unit 3\TestNewDelete\TestNewDelete.vcxproj", "{77167901-FCAA-4E05-B5EB-66F93F3625DB}"
EndProject
Project("{8BC9CEB8-8B4A-11D0-8D11-00A0C91BC942}") = "TestReference", "..\..\Mooc\Unit 3\TestReference\TestReference.vcxproj", "{30D0DE0C-B30F-41C8-B0A7-A973137909C9}"
EndProject
Project("{8BC9CEB8-8B4A-11D0-8D11-00A0C91BC942}") = "TestReferenceVariable", "..\..\Mooc\Unit 3\TestReferenceVariable\TestReferenceVariable.vcxproj", "{18479B09-29F0-4C60-852C-BA4EBB827D58}"
EndProject
Project("{8BC9CEB8-8B4A-11D0-8D11-00A0C91BC942}") = "U3OJ1-1", "..\..\Mooc\Unit 3\U3OJ1-1\U3OJ1-1.vcxproj", "{AD49BB28-409B-4F0C-8460-DDA2DF8C09DD}"
EndProject
Project("{8BC9CEB8-8B4A-11D0-8D11-00A0C91BC942}") = "U3OJ1-2", "..\..\Mooc\Unit 3\U3OJ1-2\U3OJ1-2.vcxproj", "{9D1CA676-5CB4-4F46-BA99-B425DE342FD8}"
EndProject
Project("{8BC9CEB8-8B4A-11D0-8D11-00A0C91BC942}") = "U3OJ2", "..\..\Mooc\Unit 3\U3OJ2\U3OJ2.vcxproj", "{2465B7C6-EF9E-4BEC-920C-D699E2FB62F0}"
EndProject
Project("{8BC9CEB8-8B4A-11D0-8D11-00A0C91BC942}") = "distinction", "..\..\Mooc\Unit 4\distinction\distinction.vcxproj", "{A4A34710-BC52-44C7-B5A7-C117649D05F6}"
EndProject
Project("{8BC9CEB8-8B4A-11D0-8D11-00A0C91BC942}") = "OJ-1", "..\..\Mooc\Unit 4\OJ-1\OJ-1.vcxproj", "{D3186400-7EE2-43D2-AADD-FCB6C0E379C3}"
EndProject
Project("{8BC9CEB8-8B4A-11D0-8D11-00A0C91BC942}") = "OJ-2", "..\..\Mooc\Unit 4\OJ-2\OJ-2.vcxproj", "{574DDB80-AF68-4949-A429-1E3A793C1706}"
EndProject
Project("{8BC9CEB8-8B4A-11D0-8D11-00A0C91BC942}") = "OJ-3", "..\..\Mooc\Unit 4\OJ-3\OJ-3.vcxproj", "{AA755F0A-9F1F-41BB-982D-08AE30C64C3E}"
EndProject
Project("{8BC9CEB8-8B4A-11D0-8D11-00A0C91BC942}") = "Separate", "..\..\Mooc\Unit 4\Separate\Separate.vcxproj", "{A3335D93-FF39-4D13-80EF-B5E34A990836}"
EndProject
Project("{8BC9CEB8-8B4A-11D0-8D11-00A0C91BC942}") = "TestCircle", "..\..\Mooc\Unit 4\TestCircle\TestCircle.vcxproj", "{B3AF4FBE-2E23-48BE-B179-EC6BA2909462}"
EndProject
Project("{8BC9CEB8-8B4A-11D0-8D11-00A0C91BC942}") = "TestCSH", "..\..\Mooc\Unit 4\TestCSH\TestCSH.vcxproj", "{A92DF806-9DF9-49D0-AC75-434FEA841ABC}"
EndProject
Project("{8BC9CEB8-8B4A-11D0-8D11-00A0C91BC942}") = "TestFind", "..\..\Mooc\Unit 4\TestFind\TestFind.vcxproj", "{61DA7D3F-FAF8-41F8-A76C-E3C4086049F2}"
EndProject
Project("{8BC9CEB8-8B4A-11D0-8D11-00A0C91BC942}") = "TestObjectCopy", "..\..\Mooc\Unit 4\TestObjectCopy\TestObjectCopy.vcxproj", "{B01E6DB9-38D2-4A38-A916-75D60102E5BD}"
EndProject
Project("{8BC9CEB8-8B4A-11D0-8D11-00A0C91BC942}") = "Destructor", "..\..\Mooc\Unit 5\Destructor\Destructor.vcxproj", "{D262E83A-0070-4DA8-9991-01EA5F6977A9}"
EndProject
Project("{8BC9CEB8-8B4A-11D0-8D11-00A0C91BC942}") = "ImmutableObject", "..\..\Mooc\Unit 5\ImmutableObject\ImmutableObject.vcxproj", "{E8296110-A39C-4CBD-A156-60085F95D705}"
EndProject
Project("{8BC9CEB8-8B4A-11D0-8D11-00A0C91BC942}") = "OJ1", "..\..\Mooc\Unit 5\OJ1\OJ1.vcxproj", "{1BF53D6A-A965-42F1-A23C-5CAEDD44BAF4}"
EndProject
Project("{8BC9CEB8-8B4A-11D0-8D11-00A0C91BC942}") = "Stack", "..\..\Mooc\Unit 5\Stack\Stack.vcxproj", "{1EBC238B-0962-4D15-A837-9459DA1E7CBA}"
EndProject
Project("{8BC9CEB8-8B4A-11D0-8D11-00A0C91BC942}") = "test", "..\..\Mooc\Unit 5\test\test.vcxproj", "{F351FDA5-421B-4AEB-9803-07CE030B0579}"
EndProject
Project("{8BC9CEB8-8B4A-11D0-8D11-00A0C91BC942}") = "PDF-2", "..\..\PDF\U3\PDF-2\PDF-2.vcxproj", "{0903A63F-60CD-40DB-86E9-A4DCB1F52DDA}"
EndProject
Project("{8BC9CEB8-8B4A-11D0-8D11-00A0C91BC942}") = "PDF-3", "..\..\PDF\U3\PDF-3\PDF-3.vcxproj", "{DF1CC421-1A78-4644-9929-AEC4238F77A0}"
EndProject
Project("{8BC9CEB8-8B4A-11D0-8D11-00A0C91BC942}") = "PDF-4", "..\..\PDF\U3\PDF-4\PDF-4.vcxproj", "{45D809F7-C941-43C4-A2EE-2B4CBDAE6BA5}"
EndProject
Project("{8BC9CEB8-8B4A-11D0-8D11-00A0C91BC942}") = "PDF-5", "..\..\PDF\U3\PDF-5\PDF-5.vcxproj", "{674E584B-7ECD-4E60-8A21-AB510582EE71}"
EndProject
Project("{8BC9CEB8-8B4A-11D0-8D11-00A0C91BC942}") = "U4-2", "..\..\PDF\U4\U4-2\U4-2.vcxproj", "{9202032B-5192-4C61-9BA7-0185A02DDAD3}"
EndProject
Project("{8BC9CEB8-8B4A-11D0-8D11-00A0C91BC942}") = "U4-3", "..\..\PDF\U4\U4-3\U4-3.vcxproj", "{641FD6E1-6654-44F7-898D-D45D30010041}"
EndProject
Project("{8BC9CEB8-8B4A-11D0-8D11-00A0C91BC942}") = "U4-4", "..\..\PDF\U4\U4-4\U4-4.vcxproj", "{BFFB5CCE-60E1-45B3-970C-5E4924E6AB18}"
EndProject
Project("{8BC9CEB8-8B4A-11D0-8D11-00A0C91BC942}") = "2", "..\..\PDF\U5\2\2.vcxproj", "{432B8E50-AA88-4D43-AF66-BE5B1F56C3BB}"
EndProject
Project("{8BC9CEB8-8B4A-11D0-8D11-00A0C91BC942}") = "3", "..\..\PDF\U5\3\3.vcxproj", "{43E8F4BC-3C1E-44FE-977F-0839D054015C}"
EndProject
Project("{8BC9CEB8-8B4A-11D0-8D11-00A0C91BC942}") = "4", "..\..\PDF\U5\4\4.vcxproj", "{8971F390-4FC4-4424-BA2E-D3A6F7DC9E24}"
EndProject
Project("{8BC9CEB8-8B4A-11D0-8D11-00A0C91BC942}") = "5", "..\..\PDF\U5\5\5.vcxproj", "{CD19B2AD-5A39-43C4-A33A-8FF0AE549997}"
EndProject
Project("{2150E333-8FDC-42A3-9474-1A3956D46DE8}") = "Lesson", "Lesson", "{683FB5DE-678B-4A26-A282-10D7775DBC8E}"
EndProject
Project("{8BC9CEB8-8B4A-11D0-8D11-00A0C91BC942}") = "Static", "..\..\Mooc\Unit 5\Static\Static\Static.vcxproj", "{733240F2-CF5B-4A59-B813-785E7B449B10}"
EndProject
Project("{8BC9CEB8-8B4A-11D0-8D11-00A0C91BC942}") = "TestVector", "..\..\Mooc\Unit 5\TestVector\TestVector.vcxproj", "{FDCA2D4C-9021-43D7-87AD-F61443B41EC0}"
EndProject
Project("{8BC9CEB8-8B4A-11D0-8D11-00A0C91BC942}") = "RawString", "..\..\Mooc\Unit 5\RawString\RawString.vcxproj", "{1E4D1593-6F04-4317-B4B5-476769F04833}"
EndProject
Project("{8BC9CEB8-8B4A-11D0-8D11-00A0C91BC942}") = "StackOfIntegers", "..\..\Mooc\Unit 5\StackOfIntegers\StackOfIntegers.vcxproj", "{E3C054B6-A5B9-4129-AA9A-577EF632219F}"
EndProject
Project("{8BC9CEB8-8B4A-11D0-8D11-00A0C91BC942}") = "BindingDeclaration", "..\..\Mooc\Unit 5\BindingDeclaration\BindingDeclaration.vcxproj", "{2697DB4A-3970-41FD-8F32-C1C8BCEC2325}"
EndProject
Project("{2150E333-8FDC-42A3-9474-1A3956D46DE8}") = "Lab1", "Lab1", "{1A872F93-777A-4494-BA33-F73EC5C32914}"
EndProject
Project("{8BC9CEB8-8B4A-11D0-8D11-00A0C91BC942}") = "3.1Classes", "..\..\Mooc\Lab1\3.1Classes\3.1Classes.vcxproj", "{B7146706-F2F9-4303-931C-BFD92FD33BBB}"
EndProject
Global
	GlobalSection(SolutionConfigurationPlatforms) = preSolution
		Debug|x64 = Debug|x64
		Debug|x86 = Debug|x86
		Release|x64 = Release|x64
		Release|x86 = Release|x86
	EndGlobalSection
	GlobalSection(ProjectConfigurationPlatforms) = postSolution
		{1B4C864D-5C03-4742-9B6E-AD2AB6334BE3}.Debug|x64.ActiveCfg = Debug|x64
		{1B4C864D-5C03-4742-9B6E-AD2AB6334BE3}.Debug|x64.Build.0 = Debug|x64
		{1B4C864D-5C03-4742-9B6E-AD2AB6334BE3}.Debug|x86.ActiveCfg = Debug|Win32
		{1B4C864D-5C03-4742-9B6E-AD2AB6334BE3}.Debug|x86.Build.0 = Debug|Win32
		{1B4C864D-5C03-4742-9B6E-AD2AB6334BE3}.Release|x64.ActiveCfg = Release|x64
		{1B4C864D-5C03-4742-9B6E-AD2AB6334BE3}.Release|x64.Build.0 = Release|x64
		{1B4C864D-5C03-4742-9B6E-AD2AB6334BE3}.Release|x86.ActiveCfg = Release|Win32
		{1B4C864D-5C03-4742-9B6E-AD2AB6334BE3}.Release|x86.Build.0 = Release|Win32
		{62800CE6-9A26-4B0D-8AE5-7268FEB8D1D1}.Debug|x64.ActiveCfg = Debug|x64
		{62800CE6-9A26-4B0D-8AE5-7268FEB8D1D1}.Debug|x64.Build.0 = Debug|x64
		{62800CE6-9A26-4B0D-8AE5-7268FEB8D1D1}.Debug|x86.ActiveCfg = Debug|Win32
		{62800CE6-9A26-4B0D-8AE5-7268FEB8D1D1}.Debug|x86.Build.0 = Debug|Win32
		{62800CE6-9A26-4B0D-8AE5-7268FEB8D1D1}.Release|x64.ActiveCfg = Release|x64
		{62800CE6-9A26-4B0D-8AE5-7268FEB8D1D1}.Release|x64.Build.0 = Release|x64
		{62800CE6-9A26-4B0D-8AE5-7268FEB8D1D1}.Release|x86.ActiveCfg = Release|Win32
		{62800CE6-9A26-4B0D-8AE5-7268FEB8D1D1}.Release|x86.Build.0 = Release|Win32
		{314343B7-A0F3-42F0-AE4F-4E08B0D9D984}.Debug|x64.ActiveCfg = Debug|x64
		{314343B7-A0F3-42F0-AE4F-4E08B0D9D984}.Debug|x64.Build.0 = Debug|x64
		{314343B7-A0F3-42F0-AE4F-4E08B0D9D984}.Debug|x86.ActiveCfg = Debug|Win32
		{314343B7-A0F3-42F0-AE4F-4E08B0D9D984}.Debug|x86.Build.0 = Debug|Win32
		{314343B7-A0F3-42F0-AE4F-4E08B0D9D984}.Release|x64.ActiveCfg = Release|x64
		{314343B7-A0F3-42F0-AE4F-4E08B0D9D984}.Release|x64.Build.0 = Release|x64
		{314343B7-A0F3-42F0-AE4F-4E08B0D9D984}.Release|x86.ActiveCfg = Release|Win32
		{314343B7-A0F3-42F0-AE4F-4E08B0D9D984}.Release|x86.Build.0 = Release|Win32
		{B8920501-4878-4E34-AA58-0E5DA7FE49D5}.Debug|x64.ActiveCfg = Debug|x64
		{B8920501-4878-4E34-AA58-0E5DA7FE49D5}.Debug|x64.Build.0 = Debug|x64
		{B8920501-4878-4E34-AA58-0E5DA7FE49D5}.Debug|x86.ActiveCfg = Debug|Win32
		{B8920501-4878-4E34-AA58-0E5DA7FE49D5}.Debug|x86.Build.0 = Debug|Win32
		{B8920501-4878-4E34-AA58-0E5DA7FE49D5}.Release|x64.ActiveCfg = Release|x64
		{B8920501-4878-4E34-AA58-0E5DA7FE49D5}.Release|x64.Build.0 = Release|x64
		{B8920501-4878-4E34-AA58-0E5DA7FE49D5}.Release|x86.ActiveCfg = Release|Win32
		{B8920501-4878-4E34-AA58-0E5DA7FE49D5}.Release|x86.Build.0 = Release|Win32
		{4AC1C4F3-6041-4C6C-ABE3-54B46FDF3CEC}.Debug|x64.ActiveCfg = Debug|x64
		{4AC1C4F3-6041-4C6C-ABE3-54B46FDF3CEC}.Debug|x64.Build.0 = Debug|x64
		{4AC1C4F3-6041-4C6C-ABE3-54B46FDF3CEC}.Debug|x86.ActiveCfg = Debug|Win32
		{4AC1C4F3-6041-4C6C-ABE3-54B46FDF3CEC}.Debug|x86.Build.0 = Debug|Win32
		{4AC1C4F3-6041-4C6C-ABE3-54B46FDF3CEC}.Release|x64.ActiveCfg = Release|x64
		{4AC1C4F3-6041-4C6C-ABE3-54B46FDF3CEC}.Release|x64.Build.0 = Release|x64
		{4AC1C4F3-6041-4C6C-ABE3-54B46FDF3CEC}.Release|x86.ActiveCfg = Release|Win32
		{4AC1C4F3-6041-4C6C-ABE3-54B46FDF3CEC}.Release|x86.Build.0 = Release|Win32
		{77167901-FCAA-4E05-B5EB-66F93F3625DB}.Debug|x64.ActiveCfg = Debug|x64
		{77167901-FCAA-4E05-B5EB-66F93F3625DB}.Debug|x64.Build.0 = Debug|x64
		{77167901-FCAA-4E05-B5EB-66F93F3625DB}.Debug|x86.ActiveCfg = Debug|Win32
		{77167901-FCAA-4E05-B5EB-66F93F3625DB}.Debug|x86.Build.0 = Debug|Win32
		{77167901-FCAA-4E05-B5EB-66F93F3625DB}.Release|x64.ActiveCfg = Release|x64
		{77167901-FCAA-4E05-B5EB-66F93F3625DB}.Release|x64.Build.0 = Release|x64
		{77167901-FCAA-4E05-B5EB-66F93F3625DB}.Release|x86.ActiveCfg = Release|Win32
		{77167901-FCAA-4E05-B5EB-66F93F3625DB}.Release|x86.Build.0 = Release|Win32
		{30D0DE0C-B30F-41C8-B0A7-A973137909C9}.Debug|x64.ActiveCfg = Debug|x64
		{30D0DE0C-B30F-41C8-B0A7-A973137909C9}.Debug|x64.Build.0 = Debug|x64
		{30D0DE0C-B30F-41C8-B0A7-A973137909C9}.Debug|x86.ActiveCfg = Debug|Win32
		{30D0DE0C-B30F-41C8-B0A7-A973137909C9}.Debug|x86.Build.0 = Debug|Win32
		{30D0DE0C-B30F-41C8-B0A7-A973137909C9}.Release|x64.ActiveCfg = Release|x64
		{30D0DE0C-B30F-41C8-B0A7-A973137909C9}.Release|x64.Build.0 = Release|x64
		{30D0DE0C-B30F-41C8-B0A7-A973137909C9}.Release|x86.ActiveCfg = Release|Win32
		{30D0DE0C-B30F-41C8-B0A7-A973137909C9}.Release|x86.Build.0 = Release|Win32
		{18479B09-29F0-4C60-852C-BA4EBB827D58}.Debug|x64.ActiveCfg = Debug|x64
		{18479B09-29F0-4C60-852C-BA4EBB827D58}.Debug|x64.Build.0 = Debug|x64
		{18479B09-29F0-4C60-852C-BA4EBB827D58}.Debug|x86.ActiveCfg = Debug|Win32
		{18479B09-29F0-4C60-852C-BA4EBB827D58}.Debug|x86.Build.0 = Debug|Win32
		{18479B09-29F0-4C60-852C-BA4EBB827D58}.Release|x64.ActiveCfg = Release|x64
		{18479B09-29F0-4C60-852C-BA4EBB827D58}.Release|x64.Build.0 = Release|x64
		{18479B09-29F0-4C60-852C-BA4EBB827D58}.Release|x86.ActiveCfg = Release|Win32
		{18479B09-29F0-4C60-852C-BA4EBB827D58}.Release|x86.Build.0 = Release|Win32
		{AD49BB28-409B-4F0C-8460-DDA2DF8C09DD}.Debug|x64.ActiveCfg = Debug|x64
		{AD49BB28-409B-4F0C-8460-DDA2DF8C09DD}.Debug|x64.Build.0 = Debug|x64
		{AD49BB28-409B-4F0C-8460-DDA2DF8C09DD}.Debug|x86.ActiveCfg = Debug|Win32
		{AD49BB28-409B-4F0C-8460-DDA2DF8C09DD}.Debug|x86.Build.0 = Debug|Win32
		{AD49BB28-409B-4F0C-8460-DDA2DF8C09DD}.Release|x64.ActiveCfg = Release|x64
		{AD49BB28-409B-4F0C-8460-DDA2DF8C09DD}.Release|x64.Build.0 = Release|x64
		{AD49BB28-409B-4F0C-8460-DDA2DF8C09DD}.Release|x86.ActiveCfg = Release|Win32
		{AD49BB28-409B-4F0C-8460-DDA2DF8C09DD}.Release|x86.Build.0 = Release|Win32
		{9D1CA676-5CB4-4F46-BA99-B425DE342FD8}.Debug|x64.ActiveCfg = Debug|x64
		{9D1CA676-5CB4-4F46-BA99-B425DE342FD8}.Debug|x64.Build.0 = Debug|x64
		{9D1CA676-5CB4-4F46-BA99-B425DE342FD8}.Debug|x86.ActiveCfg = Debug|Win32
		{9D1CA676-5CB4-4F46-BA99-B425DE342FD8}.Debug|x86.Build.0 = Debug|Win32
		{9D1CA676-5CB4-4F46-BA99-B425DE342FD8}.Release|x64.ActiveCfg = Release|x64
		{9D1CA676-5CB4-4F46-BA99-B425DE342FD8}.Release|x64.Build.0 = Release|x64
		{9D1CA676-5CB4-4F46-BA99-B425DE342FD8}.Release|x86.ActiveCfg = Release|Win32
		{9D1CA676-5CB4-4F46-BA99-B425DE342FD8}.Release|x86.Build.0 = Release|Win32
		{2465B7C6-EF9E-4BEC-920C-D699E2FB62F0}.Debug|x64.ActiveCfg = Debug|x64
		{2465B7C6-EF9E-4BEC-920C-D699E2FB62F0}.Debug|x64.Build.0 = Debug|x64
		{2465B7C6-EF9E-4BEC-920C-D699E2FB62F0}.Debug|x86.ActiveCfg = Debug|Win32
		{2465B7C6-EF9E-4BEC-920C-D699E2FB62F0}.Debug|x86.Build.0 = Debug|Win32
		{2465B7C6-EF9E-4BEC-920C-D699E2FB62F0}.Release|x64.ActiveCfg = Release|x64
		{2465B7C6-EF9E-4BEC-920C-D699E2FB62F0}.Release|x64.Build.0 = Release|x64
		{2465B7C6-EF9E-4BEC-920C-D699E2FB62F0}.Release|x86.ActiveCfg = Release|Win32
		{2465B7C6-EF9E-4BEC-920C-D699E2FB62F0}.Release|x86.Build.0 = Release|Win32
		{A4A34710-BC52-44C7-B5A7-C117649D05F6}.Debug|x64.ActiveCfg = Debug|x64
		{A4A34710-BC52-44C7-B5A7-C117649D05F6}.Debug|x64.Build.0 = Debug|x64
		{A4A34710-BC52-44C7-B5A7-C117649D05F6}.Debug|x86.ActiveCfg = Debug|Win32
		{A4A34710-BC52-44C7-B5A7-C117649D05F6}.Debug|x86.Build.0 = Debug|Win32
		{A4A34710-BC52-44C7-B5A7-C117649D05F6}.Release|x64.ActiveCfg = Release|x64
		{A4A34710-BC52-44C7-B5A7-C117649D05F6}.Release|x64.Build.0 = Release|x64
		{A4A34710-BC52-44C7-B5A7-C117649D05F6}.Release|x86.ActiveCfg = Release|Win32
		{A4A34710-BC52-44C7-B5A7-C117649D05F6}.Release|x86.Build.0 = Release|Win32
		{D3186400-7EE2-43D2-AADD-FCB6C0E379C3}.Debug|x64.ActiveCfg = Debug|x64
		{D3186400-7EE2-43D2-AADD-FCB6C0E379C3}.Debug|x64.Build.0 = Debug|x64
		{D3186400-7EE2-43D2-AADD-FCB6C0E379C3}.Debug|x86.ActiveCfg = Debug|Win32
		{D3186400-7EE2-43D2-AADD-FCB6C0E379C3}.Debug|x86.Build.0 = Debug|Win32
		{D3186400-7EE2-43D2-AADD-FCB6C0E379C3}.Release|x64.ActiveCfg = Release|x64
		{D3186400-7EE2-43D2-AADD-FCB6C0E379C3}.Release|x64.Build.0 = Release|x64
		{D3186400-7EE2-43D2-AADD-FCB6C0E379C3}.Release|x86.ActiveCfg = Release|Win32
		{D3186400-7EE2-43D2-AADD-FCB6C0E379C3}.Release|x86.Build.0 = Release|Win32
		{574DDB80-AF68-4949-A429-1E3A793C1706}.Debug|x64.ActiveCfg = Debug|x64
		{574DDB80-AF68-4949-A429-1E3A793C1706}.Debug|x64.Build.0 = Debug|x64
		{574DDB80-AF68-4949-A429-1E3A793C1706}.Debug|x86.ActiveCfg = Debug|Win32
		{574DDB80-AF68-4949-A429-1E3A793C1706}.Debug|x86.Build.0 = Debug|Win32
		{574DDB80-AF68-4949-A429-1E3A793C1706}.Release|x64.ActiveCfg = Release|x64
		{574DDB80-AF68-4949-A429-1E3A793C1706}.Release|x64.Build.0 = Release|x64
		{574DDB80-AF68-4949-A429-1E3A793C1706}.Release|x86.ActiveCfg = Release|Win32
		{574DDB80-AF68-4949-A429-1E3A793C1706}.Release|x86.Build.0 = Release|Win32
		{AA755F0A-9F1F-41BB-982D-08AE30C64C3E}.Debug|x64.ActiveCfg = Debug|x64
		{AA755F0A-9F1F-41BB-982D-08AE30C64C3E}.Debug|x64.Build.0 = Debug|x64
		{AA755F0A-9F1F-41BB-982D-08AE30C64C3E}.Debug|x86.ActiveCfg = Debug|Win32
		{AA755F0A-9F1F-41BB-982D-08AE30C64C3E}.Debug|x86.Build.0 = Debug|Win32
		{AA755F0A-9F1F-41BB-982D-08AE30C64C3E}.Release|x64.ActiveCfg = Release|x64
		{AA755F0A-9F1F-41BB-982D-08AE30C64C3E}.Release|x64.Build.0 = Release|x64
		{AA755F0A-9F1F-41BB-982D-08AE30C64C3E}.Release|x86.ActiveCfg = Release|Win32
		{AA755F0A-9F1F-41BB-982D-08AE30C64C3E}.Release|x86.Build.0 = Release|Win32
		{A3335D93-FF39-4D13-80EF-B5E34A990836}.Debug|x64.ActiveCfg = Debug|x64
		{A3335D93-FF39-4D13-80EF-B5E34A990836}.Debug|x64.Build.0 = Debug|x64
		{A3335D93-FF39-4D13-80EF-B5E34A990836}.Debug|x86.ActiveCfg = Debug|Win32
		{A3335D93-FF39-4D13-80EF-B5E34A990836}.Debug|x86.Build.0 = Debug|Win32
		{A3335D93-FF39-4D13-80EF-B5E34A990836}.Release|x64.ActiveCfg = Release|x64
		{A3335D93-FF39-4D13-80EF-B5E34A990836}.Release|x64.Build.0 = Release|x64
		{A3335D93-FF39-4D13-80EF-B5E34A990836}.Release|x86.ActiveCfg = Release|Win32
		{A3335D93-FF39-4D13-80EF-B5E34A990836}.Release|x86.Build.0 = Release|Win32
		{B3AF4FBE-2E23-48BE-B179-EC6BA2909462}.Debug|x64.ActiveCfg = Debug|x64
		{B3AF4FBE-2E23-48BE-B179-EC6BA2909462}.Debug|x64.Build.0 = Debug|x64
		{B3AF4FBE-2E23-48BE-B179-EC6BA2909462}.Debug|x86.ActiveCfg = Debug|Win32
		{B3AF4FBE-2E23-48BE-B179-EC6BA2909462}.Debug|x86.Build.0 = Debug|Win32
		{B3AF4FBE-2E23-48BE-B179-EC6BA2909462}.Release|x64.ActiveCfg = Release|x64
		{B3AF4FBE-2E23-48BE-B179-EC6BA2909462}.Release|x64.Build.0 = Release|x64
		{B3AF4FBE-2E23-48BE-B179-EC6BA2909462}.Release|x86.ActiveCfg = Release|Win32
		{B3AF4FBE-2E23-48BE-B179-EC6BA2909462}.Release|x86.Build.0 = Release|Win32
		{A92DF806-9DF9-49D0-AC75-434FEA841ABC}.Debug|x64.ActiveCfg = Debug|x64
		{A92DF806-9DF9-49D0-AC75-434FEA841ABC}.Debug|x64.Build.0 = Debug|x64
		{A92DF806-9DF9-49D0-AC75-434FEA841ABC}.Debug|x86.ActiveCfg = Debug|Win32
		{A92DF806-9DF9-49D0-AC75-434FEA841ABC}.Debug|x86.Build.0 = Debug|Win32
		{A92DF806-9DF9-49D0-AC75-434FEA841ABC}.Release|x64.ActiveCfg = Release|x64
		{A92DF806-9DF9-49D0-AC75-434FEA841ABC}.Release|x64.Build.0 = Release|x64
		{A92DF806-9DF9-49D0-AC75-434FEA841ABC}.Release|x86.ActiveCfg = Release|Win32
		{A92DF806-9DF9-49D0-AC75-434FEA841ABC}.Release|x86.Build.0 = Release|Win32
		{61DA7D3F-FAF8-41F8-A76C-E3C4086049F2}.Debug|x64.ActiveCfg = Debug|x64
		{61DA7D3F-FAF8-41F8-A76C-E3C4086049F2}.Debug|x64.Build.0 = Debug|x64
		{61DA7D3F-FAF8-41F8-A76C-E3C4086049F2}.Debug|x86.ActiveCfg = Debug|Win32
		{61DA7D3F-FAF8-41F8-A76C-E3C4086049F2}.Debug|x86.Build.0 = Debug|Win32
		{61DA7D3F-FAF8-41F8-A76C-E3C4086049F2}.Release|x64.ActiveCfg = Release|x64
		{61DA7D3F-FAF8-41F8-A76C-E3C4086049F2}.Release|x64.Build.0 = Release|x64
		{61DA7D3F-FAF8-41F8-A76C-E3C4086049F2}.Release|x86.ActiveCfg = Release|Win32
		{61DA7D3F-FAF8-41F8-A76C-E3C4086049F2}.Release|x86.Build.0 = Release|Win32
		{B01E6DB9-38D2-4A38-A916-75D60102E5BD}.Debug|x64.ActiveCfg = Debug|x64
		{B01E6DB9-38D2-4A38-A916-75D60102E5BD}.Debug|x64.Build.0 = Debug|x64
		{B01E6DB9-38D2-4A38-A916-75D60102E5BD}.Debug|x86.ActiveCfg = Debug|Win32
		{B01E6DB9-38D2-4A38-A916-75D60102E5BD}.Debug|x86.Build.0 = Debug|Win32
		{B01E6DB9-38D2-4A38-A916-75D60102E5BD}.Release|x64.ActiveCfg = Release|x64
		{B01E6DB9-38D2-4A38-A916-75D60102E5BD}.Release|x64.Build.0 = Release|x64
		{B01E6DB9-38D2-4A38-A916-75D60102E5BD}.Release|x86.ActiveCfg = Release|Win32
		{B01E6DB9-38D2-4A38-A916-75D60102E5BD}.Release|x86.Build.0 = Release|Win32
		{D262E83A-0070-4DA8-9991-01EA5F6977A9}.Debug|x64.ActiveCfg = Debug|x64
		{D262E83A-0070-4DA8-9991-01EA5F6977A9}.Debug|x64.Build.0 = Debug|x64
		{D262E83A-0070-4DA8-9991-01EA5F6977A9}.Debug|x86.ActiveCfg = Debug|Win32
		{D262E83A-0070-4DA8-9991-01EA5F6977A9}.Debug|x86.Build.0 = Debug|Win32
		{D262E83A-0070-4DA8-9991-01EA5F6977A9}.Release|x64.ActiveCfg = Release|x64
		{D262E83A-0070-4DA8-9991-01EA5F6977A9}.Release|x64.Build.0 = Release|x64
		{D262E83A-0070-4DA8-9991-01EA5F6977A9}.Release|x86.ActiveCfg = Release|Win32
		{D262E83A-0070-4DA8-9991-01EA5F6977A9}.Release|x86.Build.0 = Release|Win32
		{E8296110-A39C-4CBD-A156-60085F95D705}.Debug|x64.ActiveCfg = Debug|x64
		{E8296110-A39C-4CBD-A156-60085F95D705}.Debug|x64.Build.0 = Debug|x64
		{E8296110-A39C-4CBD-A156-60085F95D705}.Debug|x86.ActiveCfg = Debug|Win32
		{E8296110-A39C-4CBD-A156-60085F95D705}.Debug|x86.Build.0 = Debug|Win32
		{E8296110-A39C-4CBD-A156-60085F95D705}.Release|x64.ActiveCfg = Release|x64
		{E8296110-A39C-4CBD-A156-60085F95D705}.Release|x64.Build.0 = Release|x64
		{E8296110-A39C-4CBD-A156-60085F95D705}.Release|x86.ActiveCfg = Release|Win32
		{E8296110-A39C-4CBD-A156-60085F95D705}.Release|x86.Build.0 = Release|Win32
		{1BF53D6A-A965-42F1-A23C-5CAEDD44BAF4}.Debug|x64.ActiveCfg = Debug|x64
		{1BF53D6A-A965-42F1-A23C-5CAEDD44BAF4}.Debug|x64.Build.0 = Debug|x64
		{1BF53D6A-A965-42F1-A23C-5CAEDD44BAF4}.Debug|x86.ActiveCfg = Debug|Win32
		{1BF53D6A-A965-42F1-A23C-5CAEDD44BAF4}.Debug|x86.Build.0 = Debug|Win32
		{1BF53D6A-A965-42F1-A23C-5CAEDD44BAF4}.Release|x64.ActiveCfg = Release|x64
		{1BF53D6A-A965-42F1-A23C-5CAEDD44BAF4}.Release|x64.Build.0 = Release|x64
		{1BF53D6A-A965-42F1-A23C-5CAEDD44BAF4}.Release|x86.ActiveCfg = Release|Win32
		{1BF53D6A-A965-42F1-A23C-5CAEDD44BAF4}.Release|x86.Build.0 = Release|Win32
		{1EBC238B-0962-4D15-A837-9459DA1E7CBA}.Debug|x64.ActiveCfg = Debug|x64
		{1EBC238B-0962-4D15-A837-9459DA1E7CBA}.Debug|x64.Build.0 = Debug|x64
		{1EBC238B-0962-4D15-A837-9459DA1E7CBA}.Debug|x86.ActiveCfg = Debug|Win32
		{1EBC238B-0962-4D15-A837-9459DA1E7CBA}.Debug|x86.Build.0 = Debug|Win32
		{1EBC238B-0962-4D15-A837-9459DA1E7CBA}.Release|x64.ActiveCfg = Release|x64
		{1EBC238B-0962-4D15-A837-9459DA1E7CBA}.Release|x64.Build.0 = Release|x64
		{1EBC238B-0962-4D15-A837-9459DA1E7CBA}.Release|x86.ActiveCfg = Release|Win32
		{1EBC238B-0962-4D15-A837-9459DA1E7CBA}.Release|x86.Build.0 = Release|Win32
		{F351FDA5-421B-4AEB-9803-07CE030B0579}.Debug|x64.ActiveCfg = Debug|x64
		{F351FDA5-421B-4AEB-9803-07CE030B0579}.Debug|x64.Build.0 = Debug|x64
		{F351FDA5-421B-4AEB-9803-07CE030B0579}.Debug|x86.ActiveCfg = Debug|Win32
		{F351FDA5-421B-4AEB-9803-07CE030B0579}.Debug|x86.Build.0 = Debug|Win32
		{F351FDA5-421B-4AEB-9803-07CE030B0579}.Release|x64.ActiveCfg = Release|x64
		{F351FDA5-421B-4AEB-9803-07CE030B0579}.Release|x64.Build.0 = Release|x64
		{F351FDA5-421B-4AEB-9803-07CE030B0579}.Release|x86.ActiveCfg = Release|Win32
		{F351FDA5-421B-4AEB-9803-07CE030B0579}.Release|x86.Build.0 = Release|Win32
		{0903A63F-60CD-40DB-86E9-A4DCB1F52DDA}.Debug|x64.ActiveCfg = Debug|x64
		{0903A63F-60CD-40DB-86E9-A4DCB1F52DDA}.Debug|x64.Build.0 = Debug|x64
		{0903A63F-60CD-40DB-86E9-A4DCB1F52DDA}.Debug|x86.ActiveCfg = Debug|Win32
		{0903A63F-60CD-40DB-86E9-A4DCB1F52DDA}.Debug|x86.Build.0 = Debug|Win32
		{0903A63F-60CD-40DB-86E9-A4DCB1F52DDA}.Release|x64.ActiveCfg = Release|x64
		{0903A63F-60CD-40DB-86E9-A4DCB1F52DDA}.Release|x64.Build.0 = Release|x64
		{0903A63F-60CD-40DB-86E9-A4DCB1F52DDA}.Release|x86.ActiveCfg = Release|Win32
		{0903A63F-60CD-40DB-86E9-A4DCB1F52DDA}.Release|x86.Build.0 = Release|Win32
		{DF1CC421-1A78-4644-9929-AEC4238F77A0}.Debug|x64.ActiveCfg = Debug|x64
		{DF1CC421-1A78-4644-9929-AEC4238F77A0}.Debug|x64.Build.0 = Debug|x64
		{DF1CC421-1A78-4644-9929-AEC4238F77A0}.Debug|x86.ActiveCfg = Debug|Win32
		{DF1CC421-1A78-4644-9929-AEC4238F77A0}.Debug|x86.Build.0 = Debug|Win32
		{DF1CC421-1A78-4644-9929-AEC4238F77A0}.Release|x64.ActiveCfg = Release|x64
		{DF1CC421-1A78-4644-9929-AEC4238F77A0}.Release|x64.Build.0 = Release|x64
		{DF1CC421-1A78-4644-9929-AEC4238F77A0}.Release|x86.ActiveCfg = Release|Win32
		{DF1CC421-1A78-4644-9929-AEC4238F77A0}.Release|x86.Build.0 = Release|Win32
		{45D809F7-C941-43C4-A2EE-2B4CBDAE6BA5}.Debug|x64.ActiveCfg = Debug|x64
		{45D809F7-C941-43C4-A2EE-2B4CBDAE6BA5}.Debug|x64.Build.0 = Debug|x64
		{45D809F7-C941-43C4-A2EE-2B4CBDAE6BA5}.Debug|x86.ActiveCfg = Debug|Win32
		{45D809F7-C941-43C4-A2EE-2B4CBDAE6BA5}.Debug|x86.Build.0 = Debug|Win32
		{45D809F7-C941-43C4-A2EE-2B4CBDAE6BA5}.Release|x64.ActiveCfg = Release|x64
		{45D809F7-C941-43C4-A2EE-2B4CBDAE6BA5}.Release|x64.Build.0 = Release|x64
		{45D809F7-C941-43C4-A2EE-2B4CBDAE6BA5}.Release|x86.ActiveCfg = Release|Win32
		{45D809F7-C941-43C4-A2EE-2B4CBDAE6BA5}.Release|x86.Build.0 = Release|Win32
		{674E584B-7ECD-4E60-8A21-AB510582EE71}.Debug|x64.ActiveCfg = Debug|x64
		{674E584B-7ECD-4E60-8A21-AB510582EE71}.Debug|x64.Build.0 = Debug|x64
		{674E584B-7ECD-4E60-8A21-AB510582EE71}.Debug|x86.ActiveCfg = Debug|Win32
		{674E584B-7ECD-4E60-8A21-AB510582EE71}.Debug|x86.Build.0 = Debug|Win32
		{674E584B-7ECD-4E60-8A21-AB510582EE71}.Release|x64.ActiveCfg = Release|x64
		{674E584B-7ECD-4E60-8A21-AB510582EE71}.Release|x64.Build.0 = Release|x64
		{674E584B-7ECD-4E60-8A21-AB510582EE71}.Release|x86.ActiveCfg = Release|Win32
		{674E584B-7ECD-4E60-8A21-AB510582EE71}.Release|x86.Build.0 = Release|Win32
		{9202032B-5192-4C61-9BA7-0185A02DDAD3}.Debug|x64.ActiveCfg = Debug|x64
		{9202032B-5192-4C61-9BA7-0185A02DDAD3}.Debug|x64.Build.0 = Debug|x64
		{9202032B-5192-4C61-9BA7-0185A02DDAD3}.Debug|x86.ActiveCfg = Debug|Win32
		{9202032B-5192-4C61-9BA7-0185A02DDAD3}.Debug|x86.Build.0 = Debug|Win32
		{9202032B-5192-4C61-9BA7-0185A02DDAD3}.Release|x64.ActiveCfg = Release|x64
		{9202032B-5192-4C61-9BA7-0185A02DDAD3}.Release|x64.Build.0 = Release|x64
		{9202032B-5192-4C61-9BA7-0185A02DDAD3}.Release|x86.ActiveCfg = Release|Win32
		{9202032B-5192-4C61-9BA7-0185A02DDAD3}.Release|x86.Build.0 = Release|Win32
		{641FD6E1-6654-44F7-898D-D45D30010041}.Debug|x64.ActiveCfg = Debug|x64
		{641FD6E1-6654-44F7-898D-D45D30010041}.Debug|x64.Build.0 = Debug|x64
		{641FD6E1-6654-44F7-898D-D45D30010041}.Debug|x86.ActiveCfg = Debug|Win32
		{641FD6E1-6654-44F7-898D-D45D30010041}.Debug|x86.Build.0 = Debug|Win32
		{641FD6E1-6654-44F7-898D-D45D30010041}.Release|x64.ActiveCfg = Release|x64
		{641FD6E1-6654-44F7-898D-D45D30010041}.Release|x64.Build.0 = Release|x64
		{641FD6E1-6654-44F7-898D-D45D30010041}.Release|x86.ActiveCfg = Release|Win32
		{641FD6E1-6654-44F7-898D-D45D30010041}.Release|x86.Build.0 = Release|Win32
		{BFFB5CCE-60E1-45B3-970C-5E4924E6AB18}.Debug|x64.ActiveCfg = Debug|x64
		{BFFB5CCE-60E1-45B3-970C-5E4924E6AB18}.Debug|x64.Build.0 = Debug|x64
		{BFFB5CCE-60E1-45B3-970C-5E4924E6AB18}.Debug|x86.ActiveCfg = Debug|Win32
		{BFFB5CCE-60E1-45B3-970C-5E4924E6AB18}.Debug|x86.Build.0 = Debug|Win32
		{BFFB5CCE-60E1-45B3-970C-5E4924E6AB18}.Release|x64.ActiveCfg = Release|x64
		{BFFB5CCE-60E1-45B3-970C-5E4924E6AB18}.Release|x64.Build.0 = Release|x64
		{BFFB5CCE-60E1-45B3-970C-5E4924E6AB18}.Release|x86.ActiveCfg = Release|Win32
		{BFFB5CCE-60E1-45B3-970C-5E4924E6AB18}.Release|x86.Build.0 = Release|Win32
		{432B8E50-AA88-4D43-AF66-BE5B1F56C3BB}.Debug|x64.ActiveCfg = Debug|x64
		{432B8E50-AA88-4D43-AF66-BE5B1F56C3BB}.Debug|x64.Build.0 = Debug|x64
		{432B8E50-AA88-4D43-AF66-BE5B1F56C3BB}.Debug|x86.ActiveCfg = Debug|Win32
		{432B8E50-AA88-4D43-AF66-BE5B1F56C3BB}.Debug|x86.Build.0 = Debug|Win32
		{432B8E50-AA88-4D43-AF66-BE5B1F56C3BB}.Release|x64.ActiveCfg = Release|x64
		{432B8E50-AA88-4D43-AF66-BE5B1F56C3BB}.Release|x64.Build.0 = Release|x64
		{432B8E50-AA88-4D43-AF66-BE5B1F56C3BB}.Release|x86.ActiveCfg = Release|Win32
		{432B8E50-AA88-4D43-AF66-BE5B1F56C3BB}.Release|x86.Build.0 = Release|Win32
		{43E8F4BC-3C1E-44FE-977F-0839D054015C}.Debug|x64.ActiveCfg = Debug|x64
		{43E8F4BC-3C1E-44FE-977F-0839D054015C}.Debug|x64.Build.0 = Debug|x64
		{43E8F4BC-3C1E-44FE-977F-0839D054015C}.Debug|x86.ActiveCfg = Debug|Win32
		{43E8F4BC-3C1E-44FE-977F-0839D054015C}.Debug|x86.Build.0 = Debug|Win32
		{43E8F4BC-3C1E-44FE-977F-0839D054015C}.Release|x64.ActiveCfg = Release|x64
		{43E8F4BC-3C1E-44FE-977F-0839D054015C}.Release|x64.Build.0 = Release|x64
		{43E8F4BC-3C1E-44FE-977F-0839D054015C}.Release|x86.ActiveCfg = Release|Win32
		{43E8F4BC-3C1E-44FE-977F-0839D054015C}.Release|x86.Build.0 = Release|Win32
		{8971F390-4FC4-4424-BA2E-D3A6F7DC9E24}.Debug|x64.ActiveCfg = Debug|x64
		{8971F390-4FC4-4424-BA2E-D3A6F7DC9E24}.Debug|x64.Build.0 = Debug|x64
		{8971F390-4FC4-4424-BA2E-D3A6F7DC9E24}.Debug|x86.ActiveCfg = Debug|Win32
		{8971F390-4FC4-4424-BA2E-D3A6F7DC9E24}.Debug|x86.Build.0 = Debug|Win32
		{8971F390-4FC4-4424-BA2E-D3A6F7DC9E24}.Release|x64.ActiveCfg = Release|x64
		{8971F390-4FC4-4424-BA2E-D3A6F7DC9E24}.Release|x64.Build.0 = Release|x64
		{8971F390-4FC4-4424-BA2E-D3A6F7DC9E24}.Release|x86.ActiveCfg = Release|Win32
		{8971F390-4FC4-4424-BA2E-D3A6F7DC9E24}.Release|x86.Build.0 = Release|Win32
		{CD19B2AD-5A39-43C4-A33A-8FF0AE549997}.Debug|x64.ActiveCfg = Debug|x64
		{CD19B2AD-5A39-43C4-A33A-8FF0AE549997}.Debug|x64.Build.0 = Debug|x64
		{CD19B2AD-5A39-43C4-A33A-8FF0AE549997}.Debug|x86.ActiveCfg = Debug|Win32
		{CD19B2AD-5A39-43C4-A33A-8FF0AE549997}.Debug|x86.Build.0 = Debug|Win32
		{CD19B2AD-5A39-43C4-A33A-8FF0AE549997}.Release|x64.ActiveCfg = Release|x64
		{CD19B2AD-5A39-43C4-A33A-8FF0AE549997}.Release|x64.Build.0 = Release|x64
		{CD19B2AD-5A39-43C4-A33A-8FF0AE549997}.Release|x86.ActiveCfg = Release|Win32
		{CD19B2AD-5A39-43C4-A33A-8FF0AE549997}.Release|x86.Build.0 = Release|Win32
		{733240F2-CF5B-4A59-B813-785E7B449B10}.Debug|x64.ActiveCfg = Debug|x64
		{733240F2-CF5B-4A59-B813-785E7B449B10}.Debug|x64.Build.0 = Debug|x64
		{733240F2-CF5B-4A59-B813-785E7B449B10}.Debug|x86.ActiveCfg = Debug|Win32
		{733240F2-CF5B-4A59-B813-785E7B449B10}.Debug|x86.Build.0 = Debug|Win32
		{733240F2-CF5B-4A59-B813-785E7B449B10}.Release|x64.ActiveCfg = Release|x64
		{733240F2-CF5B-4A59-B813-785E7B449B10}.Release|x64.Build.0 = Release|x64
		{733240F2-CF5B-4A59-B813-785E7B449B10}.Release|x86.ActiveCfg = Release|Win32
		{733240F2-CF5B-4A59-B813-785E7B449B10}.Release|x86.Build.0 = Release|Win32
		{FDCA2D4C-9021-43D7-87AD-F61443B41EC0}.Debug|x64.ActiveCfg = Debug|x64
		{FDCA2D4C-9021-43D7-87AD-F61443B41EC0}.Debug|x64.Build.0 = Debug|x64
		{FDCA2D4C-9021-43D7-87AD-F61443B41EC0}.Debug|x86.ActiveCfg = Debug|Win32
		{FDCA2D4C-9021-43D7-87AD-F61443B41EC0}.Debug|x86.Build.0 = Debug|Win32
		{FDCA2D4C-9021-43D7-87AD-F61443B41EC0}.Release|x64.ActiveCfg = Release|x64
		{FDCA2D4C-9021-43D7-87AD-F61443B41EC0}.Release|x64.Build.0 = Release|x64
		{FDCA2D4C-9021-43D7-87AD-F61443B41EC0}.Release|x86.ActiveCfg = Release|Win32
		{FDCA2D4C-9021-43D7-87AD-F61443B41EC0}.Release|x86.Build.0 = Release|Win32
		{1E4D1593-6F04-4317-B4B5-476769F04833}.Debug|x64.ActiveCfg = Debug|x64
		{1E4D1593-6F04-4317-B4B5-476769F04833}.Debug|x64.Build.0 = Debug|x64
		{1E4D1593-6F04-4317-B4B5-476769F04833}.Debug|x86.ActiveCfg = Debug|Win32
		{1E4D1593-6F04-4317-B4B5-476769F04833}.Debug|x86.Build.0 = Debug|Win32
		{1E4D1593-6F04-4317-B4B5-476769F04833}.Release|x64.ActiveCfg = Release|x64
		{1E4D1593-6F04-4317-B4B5-476769F04833}.Release|x64.Build.0 = Release|x64
		{1E4D1593-6F04-4317-B4B5-476769F04833}.Release|x86.ActiveCfg = Release|Win32
		{1E4D1593-6F04-4317-B4B5-476769F04833}.Release|x86.Build.0 = Release|Win32
		{E3C054B6-A5B9-4129-AA9A-577EF632219F}.Debug|x64.ActiveCfg = Debug|x64
		{E3C054B6-A5B9-4129-AA9A-577EF632219F}.Debug|x64.Build.0 = Debug|x64
		{E3C054B6-A5B9-4129-AA9A-577EF632219F}.Debug|x86.ActiveCfg = Debug|Win32
		{E3C054B6-A5B9-4129-AA9A-577EF632219F}.Debug|x86.Build.0 = Debug|Win32
		{E3C054B6-A5B9-4129-AA9A-577EF632219F}.Release|x64.ActiveCfg = Release|x64
		{E3C054B6-A5B9-4129-AA9A-577EF632219F}.Release|x64.Build.0 = Release|x64
		{E3C054B6-A5B9-4129-AA9A-577EF632219F}.Release|x86.ActiveCfg = Release|Win32
		{E3C054B6-A5B9-4129-AA9A-577EF632219F}.Release|x86.Build.0 = Release|Win32
		{2697DB4A-3970-41FD-8F32-C1C8BCEC2325}.Debug|x64.ActiveCfg = Debug|x64
		{2697DB4A-3970-41FD-8F32-C1C8BCEC2325}.Debug|x64.Build.0 = Debug|x64
		{2697DB4A-3970-41FD-8F32-C1C8BCEC2325}.Debug|x86.ActiveCfg = Debug|Win32
		{2697DB4A-3970-41FD-8F32-C1C8BCEC2325}.Debug|x86.Build.0 = Debug|Win32
		{2697DB4A-3970-41FD-8F32-C1C8BCEC2325}.Release|x64.ActiveCfg = Release|x64
		{2697DB4A-3970-41FD-8F32-C1C8BCEC2325}.Release|x64.Build.0 = Release|x64
		{2697DB4A-3970-41FD-8F32-C1C8BCEC2325}.Release|x86.ActiveCfg = Release|Win32
		{2697DB4A-3970-41FD-8F32-C1C8BCEC2325}.Release|x86.Build.0 = Release|Win32
		{B7146706-F2F9-4303-931C-BFD92FD33BBB}.Debug|x64.ActiveCfg = Debug|x64
		{B7146706-F2F9-4303-931C-BFD92FD33BBB}.Debug|x64.Build.0 = Debug|x64
		{B7146706-F2F9-4303-931C-BFD92FD33BBB}.Debug|x86.ActiveCfg = Debug|Win32
		{B7146706-F2F9-4303-931C-BFD92FD33BBB}.Debug|x86.Build.0 = Debug|Win32
		{B7146706-F2F9-4303-931C-BFD92FD33BBB}.Release|x64.ActiveCfg = Release|x64
		{B7146706-F2F9-4303-931C-BFD92FD33BBB}.Release|x64.Build.0 = Release|x64
		{B7146706-F2F9-4303-931C-BFD92FD33BBB}.Release|x86.ActiveCfg = Release|Win32
		{B7146706-F2F9-4303-931C-BFD92FD33BBB}.Release|x86.Build.0 = Release|Win32
	EndGlobalSection
	GlobalSection(SolutionProperties) = preSolution
		HideSolutionNode = FALSE
	EndGlobalSection
	GlobalSection(NestedProjects) = preSolution
		{ACC11C2B-1231-4748-AC25-C9D3B5241C74} = {576BAB82-9F41-44E7-B4C7-288BF166322B}
		{2C64712E-ADF8-4C1D-A76A-3589C372FE0D} = {576BAB82-9F41-44E7-B4C7-288BF166322B}
		{1B4C864D-5C03-4742-9B6E-AD2AB6334BE3} = {ACC11C2B-1231-4748-AC25-C9D3B5241C74}
		{3CF85AE9-5681-438B-B8D7-F5E8F9B88E7B} = {576BAB82-9F41-44E7-B4C7-288BF166322B}
		{4148D5E3-6F64-4855-B6F5-E8EB59035BFC} = {576BAB82-9F41-44E7-B4C7-288BF166322B}
		{6A52CF92-435C-42C4-8ACA-13DBD51B52F4} = {9BC7D9E6-AD77-4FDD-A0F3-995171E37858}
		{F7C757A4-21C0-4593-8C94-652932325FFB} = {9BC7D9E6-AD77-4FDD-A0F3-995171E37858}
		{61A02BDD-FD7C-4043-9E0B-8BBFA51DF59F} = {9BC7D9E6-AD77-4FDD-A0F3-995171E37858}
		{62800CE6-9A26-4B0D-8AE5-7268FEB8D1D1} = {2C64712E-ADF8-4C1D-A76A-3589C372FE0D}
		{314343B7-A0F3-42F0-AE4F-4E08B0D9D984} = {2C64712E-ADF8-4C1D-A76A-3589C372FE0D}
		{B8920501-4878-4E34-AA58-0E5DA7FE49D5} = {2C64712E-ADF8-4C1D-A76A-3589C372FE0D}
		{4AC1C4F3-6041-4C6C-ABE3-54B46FDF3CEC} = {2C64712E-ADF8-4C1D-A76A-3589C372FE0D}
		{77167901-FCAA-4E05-B5EB-66F93F3625DB} = {2C64712E-ADF8-4C1D-A76A-3589C372FE0D}
		{30D0DE0C-B30F-41C8-B0A7-A973137909C9} = {2C64712E-ADF8-4C1D-A76A-3589C372FE0D}
		{18479B09-29F0-4C60-852C-BA4EBB827D58} = {2C64712E-ADF8-4C1D-A76A-3589C372FE0D}
		{AD49BB28-409B-4F0C-8460-DDA2DF8C09DD} = {2C64712E-ADF8-4C1D-A76A-3589C372FE0D}
		{9D1CA676-5CB4-4F46-BA99-B425DE342FD8} = {2C64712E-ADF8-4C1D-A76A-3589C372FE0D}
		{2465B7C6-EF9E-4BEC-920C-D699E2FB62F0} = {2C64712E-ADF8-4C1D-A76A-3589C372FE0D}
		{A4A34710-BC52-44C7-B5A7-C117649D05F6} = {3CF85AE9-5681-438B-B8D7-F5E8F9B88E7B}
		{D3186400-7EE2-43D2-AADD-FCB6C0E379C3} = {3CF85AE9-5681-438B-B8D7-F5E8F9B88E7B}
		{574DDB80-AF68-4949-A429-1E3A793C1706} = {3CF85AE9-5681-438B-B8D7-F5E8F9B88E7B}
		{AA755F0A-9F1F-41BB-982D-08AE30C64C3E} = {3CF85AE9-5681-438B-B8D7-F5E8F9B88E7B}
		{A3335D93-FF39-4D13-80EF-B5E34A990836} = {3CF85AE9-5681-438B-B8D7-F5E8F9B88E7B}
		{B3AF4FBE-2E23-48BE-B179-EC6BA2909462} = {3CF85AE9-5681-438B-B8D7-F5E8F9B88E7B}
		{A92DF806-9DF9-49D0-AC75-434FEA841ABC} = {3CF85AE9-5681-438B-B8D7-F5E8F9B88E7B}
		{61DA7D3F-FAF8-41F8-A76C-E3C4086049F2} = {3CF85AE9-5681-438B-B8D7-F5E8F9B88E7B}
		{B01E6DB9-38D2-4A38-A916-75D60102E5BD} = {3CF85AE9-5681-438B-B8D7-F5E8F9B88E7B}
		{D262E83A-0070-4DA8-9991-01EA5F6977A9} = {4148D5E3-6F64-4855-B6F5-E8EB59035BFC}
		{E8296110-A39C-4CBD-A156-60085F95D705} = {4148D5E3-6F64-4855-B6F5-E8EB59035BFC}
		{1BF53D6A-A965-42F1-A23C-5CAEDD44BAF4} = {4148D5E3-6F64-4855-B6F5-E8EB59035BFC}
		{1EBC238B-0962-4D15-A837-9459DA1E7CBA} = {4148D5E3-6F64-4855-B6F5-E8EB59035BFC}
		{F351FDA5-421B-4AEB-9803-07CE030B0579} = {4148D5E3-6F64-4855-B6F5-E8EB59035BFC}
		{0903A63F-60CD-40DB-86E9-A4DCB1F52DDA} = {6A52CF92-435C-42C4-8ACA-13DBD51B52F4}
		{DF1CC421-1A78-4644-9929-AEC4238F77A0} = {6A52CF92-435C-42C4-8ACA-13DBD51B52F4}
		{45D809F7-C941-43C4-A2EE-2B4CBDAE6BA5} = {6A52CF92-435C-42C4-8ACA-13DBD51B52F4}
		{674E584B-7ECD-4E60-8A21-AB510582EE71} = {6A52CF92-435C-42C4-8ACA-13DBD51B52F4}
		{9202032B-5192-4C61-9BA7-0185A02DDAD3} = {F7C757A4-21C0-4593-8C94-652932325FFB}
		{641FD6E1-6654-44F7-898D-D45D30010041} = {F7C757A4-21C0-4593-8C94-652932325FFB}
		{BFFB5CCE-60E1-45B3-970C-5E4924E6AB18} = {F7C757A4-21C0-4593-8C94-652932325FFB}
		{432B8E50-AA88-4D43-AF66-BE5B1F56C3BB} = {61A02BDD-FD7C-4043-9E0B-8BBFA51DF59F}
		{43E8F4BC-3C1E-44FE-977F-0839D054015C} = {61A02BDD-FD7C-4043-9E0B-8BBFA51DF59F}
		{8971F390-4FC4-4424-BA2E-D3A6F7DC9E24} = {61A02BDD-FD7C-4043-9E0B-8BBFA51DF59F}
		{CD19B2AD-5A39-43C4-A33A-8FF0AE549997} = {61A02BDD-FD7C-4043-9E0B-8BBFA51DF59F}
		{733240F2-CF5B-4A59-B813-785E7B449B10} = {4148D5E3-6F64-4855-B6F5-E8EB59035BFC}
		{FDCA2D4C-9021-43D7-87AD-F61443B41EC0} = {4148D5E3-6F64-4855-B6F5-E8EB59035BFC}
		{1E4D1593-6F04-4317-B4B5-476769F04833} = {4148D5E3-6F64-4855-B6F5-E8EB59035BFC}
		{E3C054B6-A5B9-4129-AA9A-577EF632219F} = {4148D5E3-6F64-4855-B6F5-E8EB59035BFC}
		{2697DB4A-3970-41FD-8F32-C1C8BCEC2325} = {4148D5E3-6F64-4855-B6F5-E8EB59035BFC}
		{1A872F93-777A-4494-BA33-F73EC5C32914} = {576BAB82-9F41-44E7-B4C7-288BF166322B}
		{B7146706-F2F9-4303-931C-BFD92FD33BBB} = {1A872F93-777A-4494-BA33-F73EC5C32914}
	EndGlobalSection
	GlobalSection(ExtensibilityGlobals) = postSolution
		SolutionGuid = {13FA72BC-94DA-45B5-9A70-37F5E9691643}
	EndGlobalSection
EndGlobal
